# This file is automatically @generated by Cargo.
# It is not intended for manual editing.
version = 4

[[package]]
name = "rmcp-axum"
version = "0.0.1"

[[package]]
name = "rmcp-gateway"
version = "0.0.1"

[[package]]
name = "rmcp-inspect"
version = "0.0.1"

[[package]]
name = "rmcp-manager"
version = "0.0.1"

[[package]]
name = "rmcp-registry"
version = "0.0.1"

[[package]]
name = "rmcp-wasm"
version = "0.0.1"

[[package]]
name = "wmcp"
version = "0.0.1"

[[package]]
name = "wmcp-cli"
version = "0.0.1"

[[package]]
name = "wmcp-sdk"
version = "0.0.1"
